
Microsoft Visual Studio Solution File, Format Version 12.00
# Visual Studio Version 16
VisualStudioVersion = 16.0.32901.82
MinimumVisualStudioVersion = 10.0.40219.1
Project("{8BC9CEB8-8B4A-11D0-8D11-00A0C91BC942}") = "WinAPI", "WinAPI\WinAPI.vcxproj", "{632E4D24-69F8-46F2-B75B-FD9D9AA11E88}"
EndProject
Project("{8BC9CEB8-8B4A-11D0-8D11-00A0C91BC942}") = "ComboBox", "ComboBox\ComboBox.vcxproj", "{51AAD127-C7F2-449E-8639-0DD16B9E67AF}"
EndProject
Project("{8BC9CEB8-8B4A-11D0-8D11-00A0C91BC942}") = "ListBox", "ListBox\ListBox.vcxproj", "{24732436-D3E7-44F8-81D1-3053F25BB993}"
EndProject
Global
	GlobalSection(SolutionConfigurationPlatforms) = preSolution
		Debug|x64 = Debug|x64
		Debug|x86 = Debug|x86
		Release|x64 = Release|x64
		Release|x86 = Release|x86
	EndGlobalSection
	GlobalSection(ProjectConfigurationPlatforms) = postSolution
		{632E4D24-69F8-46F2-B75B-FD9D9AA11E88}.Debug|x64.ActiveCfg = Debug|x64
		{632E4D24-69F8-46F2-B75B-FD9D9AA11E88}.Debug|x64.Build.0 = Debug|x64
		{632E4D24-69F8-46F2-B75B-FD9D9AA11E88}.Debug|x86.ActiveCfg = Debug|Win32
		{632E4D24-69F8-46F2-B75B-FD9D9AA11E88}.Debug|x86.Build.0 = Debug|Win32
		{632E4D24-69F8-46F2-B75B-FD9D9AA11E88}.Release|x64.ActiveCfg = Release|x64
		{632E4D24-69F8-46F2-B75B-FD9D9AA11E88}.Release|x64.Build.0 = Release|x64
		{632E4D24-69F8-46F2-B75B-FD9D9AA11E88}.Release|x86.ActiveCfg = Release|Win32
		{632E4D24-69F8-46F2-B75B-FD9D9AA11E88}.Release|x86.Build.0 = Release|Win32
		{51AAD127-C7F2-449E-8639-0DD16B9E67AF}.Debug|x64.ActiveCfg = Debug|x64
		{51AAD127-C7F2-449E-8639-0DD16B9E67AF}.Debug|x64.Build.0 = Debug|x64
		{51AAD127-C7F2-449E-8639-0DD16B9E67AF}.Debug|x86.ActiveCfg = Debug|Win32
		{51AAD127-C7F2-449E-8639-0DD16B9E67AF}.Debug|x86.Build.0 = Debug|Win32
		{51AAD127-C7F2-449E-8639-0DD16B9E67AF}.Release|x64.ActiveCfg = Release|x64
		{51AAD127-C7F2-449E-8639-0DD16B9E67AF}.Release|x64.Build.0 = Release|x64
		{51AAD127-C7F2-449E-8639-0DD16B9E67AF}.Release|x86.ActiveCfg = Release|Win32
		{51AAD127-C7F2-449E-8639-0DD16B9E67AF}.Release|x86.Build.0 = Release|Win32
		{24732436-D3E7-44F8-81D1-3053F25BB993}.Debug|x64.ActiveCfg = Debug|x64
		{24732436-D3E7-44F8-81D1-3053F25BB993}.Debug|x64.Build.0 = Debug|x64
		{24732436-D3E7-44F8-81D1-3053F25BB993}.Debug|x86.ActiveCfg = Debug|Win32
		{24732436-D3E7-44F8-81D1-3053F25BB993}.Debug|x86.Build.0 = Debug|Win32
		{24732436-D3E7-44F8-81D1-3053F25BB993}.Release|x64.ActiveCfg = Release|x64
		{24732436-D3E7-44F8-81D1-3053F25BB993}.Release|x64.Build.0 = Release|x64
		{24732436-D3E7-44F8-81D1-3053F25BB993}.Release|x86.ActiveCfg = Release|Win32
		{24732436-D3E7-44F8-81D1-3053F25BB993}.Release|x86.Build.0 = Release|Win32
	EndGlobalSection
	GlobalSection(SolutionProperties) = preSolution
		HideSolutionNode = FALSE
	EndGlobalSection
	GlobalSection(ExtensibilityGlobals) = postSolution
		SolutionGuid = {6766116B-CD44-481F-97D6-AEB407D762F1}
	EndGlobalSection
EndGlobal
